
Microsoft Visual Studio Solution File, Format Version 12.00
# Visual Studio Version 17
VisualStudioVersion = 17.8.34408.163
MinimumVisualStudioVersion = 10.0.40219.1
Project("{8BC9CEB8-8B4A-11D0-8D11-00A0C91BC942}") = "TEST_1", "TEST_1.vcxproj", "{46354CB7-6A18-4263-90CC-8411D1D22A29}"
EndProject
Global
	GlobalSection(SolutionConfigurationPlatforms) = preSolution
		Debug|x64 = Debug|x64
		Debug|x86 = Debug|x86
		Release|x64 = Release|x64
		Release|x86 = Release|x86
	EndGlobalSection
	GlobalSection(ProjectConfigurationPlatforms) = postSolution
		{46354CB7-6A18-4263-90CC-8411D1D22A29}.Debug|x64.ActiveCfg = Debug|x64
		{46354CB7-6A18-4263-90CC-8411D1D22A29}.Debug|x64.Build.0 = Debug|x64
		{46354CB7-6A18-4263-90CC-8411D1D22A29}.Debug|x86.ActiveCfg = Debug|Win32
		{46354CB7-6A18-4263-90CC-8411D1D22A29}.Debug|x86.Build.0 = Debug|Win32
		{46354CB7-6A18-4263-90CC-8411D1D22A29}.Release|x64.ActiveCfg = Release|x64
		{46354CB7-6A18-4263-90CC-8411D1D22A29}.Release|x64.Build.0 = Release|x64
		{46354CB7-6A18-4263-90CC-8411D1D22A29}.Release|x86.ActiveCfg = Release|Win32
		{46354CB7-6A18-4263-90CC-8411D1D22A29}.Release|x86.Build.0 = Release|Win32
	EndGlobalSection
	GlobalSection(SolutionProperties) = preSolution
		HideSolutionNode = FALSE
	EndGlobalSection
	GlobalSection(ExtensibilityGlobals) = postSolution
		SolutionGuid = {8715DCC4-8E6A-46C4-9455-24C7194FAD3C}
	EndGlobalSection
EndGlobal
